
Microsoft Visual Studio Solution File, Format Version 12.00
# Visual Studio Version 17
VisualStudioVersion = 17.7.34031.279
MinimumVisualStudioVersion = 10.0.40219.1
Project("{9A19103F-16F7-4668-BE54-9A1E7A4F7556}") = "MVCSkillsShowcaseApp", "SkillsShowcase2023\MVCSkillsShowcaseApp.csproj", "{E5EEF1E9-FE56-43E6-8238-2655D121EB1A}"
EndProject
Project("{9A19103F-16F7-4668-BE54-9A1E7A4F7556}") = "MVCSkillsShowcaseDataLibrary", "DataAccessLibrary\MVCSkillsShowcaseDataLibrary.csproj", "{A1F8A3E6-AADE-487D-9A03-B09F1596CC28}"
EndProject
Project("{00D1A9C2-B5F0-4AF3-8072-F6C62B433612}") = "MVCSkillsShowcaseDB", "MVCSkillsShowcaseDB\MVCSkillsShowcaseDB.sqlproj", "{5503174A-6EC5-443B-933C-F5F6D81B364C}"
EndProject
Global
	GlobalSection(SolutionConfigurationPlatforms) = preSolution
		Debug|Any CPU = Debug|Any CPU
		Release|Any CPU = Release|Any CPU
	EndGlobalSection
	GlobalSection(ProjectConfigurationPlatforms) = postSolution
		{E5EEF1E9-FE56-43E6-8238-2655D121EB1A}.Debug|Any CPU.ActiveCfg = Debug|Any CPU
		{E5EEF1E9-FE56-43E6-8238-2655D121EB1A}.Debug|Any CPU.Build.0 = Debug|Any CPU
		{E5EEF1E9-FE56-43E6-8238-2655D121EB1A}.Release|Any CPU.ActiveCfg = Release|Any CPU
		{E5EEF1E9-FE56-43E6-8238-2655D121EB1A}.Release|Any CPU.Build.0 = Release|Any CPU
		{A1F8A3E6-AADE-487D-9A03-B09F1596CC28}.Debug|Any CPU.ActiveCfg = Debug|Any CPU
		{A1F8A3E6-AADE-487D-9A03-B09F1596CC28}.Debug|Any CPU.Build.0 = Debug|Any CPU
		{A1F8A3E6-AADE-487D-9A03-B09F1596CC28}.Release|Any CPU.ActiveCfg = Release|Any CPU
		{A1F8A3E6-AADE-487D-9A03-B09F1596CC28}.Release|Any CPU.Build.0 = Release|Any CPU
		{5503174A-6EC5-443B-933C-F5F6D81B364C}.Debug|Any CPU.ActiveCfg = Debug|Any CPU
		{5503174A-6EC5-443B-933C-F5F6D81B364C}.Debug|Any CPU.Build.0 = Debug|Any CPU
		{5503174A-6EC5-443B-933C-F5F6D81B364C}.Debug|Any CPU.Deploy.0 = Debug|Any CPU
		{5503174A-6EC5-443B-933C-F5F6D81B364C}.Release|Any CPU.ActiveCfg = Release|Any CPU
		{5503174A-6EC5-443B-933C-F5F6D81B364C}.Release|Any CPU.Build.0 = Release|Any CPU
		{5503174A-6EC5-443B-933C-F5F6D81B364C}.Release|Any CPU.Deploy.0 = Release|Any CPU
	EndGlobalSection
	GlobalSection(SolutionProperties) = preSolution
		HideSolutionNode = FALSE
	EndGlobalSection
	GlobalSection(ExtensibilityGlobals) = postSolution
		SolutionGuid = {F0418243-EFA6-4805-AC18-BBD7B13AD35F}
	EndGlobalSection
EndGlobal
